
Microsoft Visual Studio Solution File, Format Version 12.00
Project("{FAE04EC0-301F-11D3-BF4B-00C04F79EFBC}") = "Tic Tac Toe", "Tic Tac Toe\Tic Tac Toe.csproj", "{56F29CE3-5717-4734-964E-7C179DF13DC0}"
EndProject
Global
	GlobalSection(SolutionConfigurationPlatforms) = preSolution
		Debug|Any CPU = Debug|Any CPU
		Release|Any CPU = Release|Any CPU
	EndGlobalSection
	GlobalSection(ProjectConfigurationPlatforms) = postSolution
		{56F29CE3-5717-4734-964E-7C179DF13DC0}.Debug|Any CPU.ActiveCfg = Debug|Any CPU
		{56F29CE3-5717-4734-964E-7C179DF13DC0}.Debug|Any CPU.Build.0 = Debug|Any CPU
		{56F29CE3-5717-4734-964E-7C179DF13DC0}.Release|Any CPU.ActiveCfg = Release|Any CPU
		{56F29CE3-5717-4734-964E-7C179DF13DC0}.Release|Any CPU.Build.0 = Release|Any CPU
	EndGlobalSection
EndGlobal
